github.com/davecgh/go-spew v1.1.1 h1:vj9j/u1bqnvCEfJOwUhtlOARqs3+rkHYY13jYWTU97c=
github.com/davecgh/go-spew v1.1.1/go.mod h1:J7Y8YcW2NihsgmVo/mv3lAwl/skON4iLHjSsI+c5H38=
github.com/eensymachines-in/utilities v1.0.2-0.20210121085246-e8835783b44f h1:V9k6REfQOhwWZwXGJN3TcTzIm338EYg5UF+QBprknLo=
github.com/eensymachines-in/utilities v1.0.2-0.20210121085246-e8835783b44f/go.mod h1:uraqkydvY9NpQzdbYQkP+HyPI1ZnMirwieSHcg1iTcU=
github.com/eensymachines-in/utilities v1.0.2-0.20210121125932-f4bdcb85430a h1:MO1tCIuWH6HrNecgdm/9OROl0QEgJtpgWjvUfNEv0L4=
github.com/eensymachines-in/utilities v1.0.2-0.20210121125932-f4bdcb85430a/go.mod h1:uraqkydvY9NpQzdbYQkP+HyPI1ZnMirwieSHcg1iTcU=
github.com/globalsign/mgo v0.0.0-20181015135952-eeefdecb41b8 h1:DujepqpGd1hyOd7aW59XpK7Qymp8iy83xq74fLr21is=
github.com/globalsign/mgo v0.0.0-20181015135952-eeefdecb41b8/go.mod h1:xkRDCp4j0OGD1HRkm4kmhM+pmpv3AKq5SU7GMg4oO/Q=
github.com/julienschmidt/httprouter v1.3.0 h1:U0609e9tgbseu3rBINet9P48AI/D3oJs4dN7jwJOQ1U=
github.com/julienschmidt/httprouter v1.3.0/go.mod h1:JR6WtHb+2LUe8TCKY3cZOxFyyO8IZAc4RVcycCCAKdM=
github.com/mattn/go-colorable v0.1.8/go.mod h1:u6P/XSegPjTcexA+o6vUJrdnUu04hMope9wVRipJSqc=
github.com/mattn/go-isatty v0.0.12/go.mod h1:cbi8OIDigv2wuxKPP5vlRcQ1OAZbq2CE4Kysco4FUpU=
github.com/mgutz/ansi v0.0.0-20200706080929-d51e80ef957d/go.mod h1:01TrycV0kFyexm33Z7vhZRXopbI8J3TDReVlkTgMUxE=
github.com/mgutz/logxi v0.0.0-20161027140823-aebf8a7d67ab/go.mod h1:y1pL58r5z2VvAjeG1VLGc8zOQgSOzbKN7kMHPvFXJ+8=
github.com/pmezard/go-difflib v1.0.0 h1:4DBwDE0NGyQoBHbLQYPwSUPoCMWR5BEzIk/f1lZbAQM=
github.com/pmezard/go-difflib v1.0.0/go.mod h1:iKH77koFhYxTK1pcRnkKkqfTogsbg7gZNVY4sRDYZ/4=
github.com/sirupsen/logrus v1.7.0 h1:ShrD1U9pZB12TX0cVy0DtePoCH97K8EtX+mg7ZARUtM=
github.com/sirupsen/logrus v1.7.0/go.mod h1:yWOB1SBYBC5VeMP7gHvWumXLIWorT60ONWic61uBYv0=
github.com/stretchr/testify v1.2.2 h1:bSDNvY7ZPG5RlJ8otE/7V6gMiyenm9RtJ7IUVIAoJ1w=
github.com/stretchr/testify v1.2.2/go.mod h1:a8OnRcib4nhh0OaRAV+Yts87kKdq0PP7pXfy6kDkUVs=
golang.org/x/sys v0.0.0-20191026070338-33540a1f6037 h1:YyJpGZS1sBuBCzLAR1VEpK193GlqGZbnPFnPV/5Rsb4=
golang.org/x/sys v0.0.0-20191026070338-33540a1f6037/go.mod h1:h1NjWce9XRLGQEsW7wpKNCjG9DtNlClVuFLEZdDNbEs=
golang.org/x/sys v0.0.0-20200116001909-b77594299b42/go.mod h1:h1NjWce9XRLGQEsW7wpKNCjG9DtNlClVuFLEZdDNbEs=
golang.org/x/sys v0.0.0-20200223170610-d5e6a3e2c0ae h1:/WDfKMnPU+m5M4xB+6x4kaepxRw6jWvR5iDRdvjHgy8=
golang.org/x/sys v0.0.0-20200223170610-d5e6a3e2c0ae/go.mod h1:h1NjWce9XRLGQEsW7wpKNCjG9DtNlClVuFLEZdDNbEs=
golang.org/x/sys v0.0.0-20210119212857-b64e53b001e4 h1:myAQVi0cGEoqQVR5POX+8RR2mrocKqNN1hmeMqhX27k=
golang.org/x/sys v0.0.0-20210119212857-b64e53b001e4/go.mod h1:h1NjWce9XRLGQEsW7wpKNCjG9DtNlClVuFLEZdDNbEs=
gopkg.in/mgo.v2 v2.0.0-20190816093944-a6b53ec6cb22 h1:VpOs+IwYnYBaFnrNAeB8UUWtL3vEUnzSCL1nVjPhqrw=
gopkg.in/mgo.v2 v2.0.0-20190816093944-a6b53ec6cb22/go.mod h1:yeKp02qBN3iKW1OzL3MGk2IdtZzaj7SFntXj72NppTA=
